// !$*UTF8*$!
{
	archiveVersion = 1;
	classes = {
	};
	objectVersion = 55;
	objects = {

/* Begin PBXBuildFile section */
		18409419299BB43900EFE530 /* ViewController+TableViewDataSourceDelegate.swift in Sources */ = {isa = PBXBuildFile; fileRef = 18409418299BB43900EFE530 /* ViewController+TableViewDataSourceDelegate.swift */; };
		1840941B299BB48500EFE530 /* ViewController+CollectionViewDatasourceDelegate.swift in Sources */ = {isa = PBXBuildFile; fileRef = 1840941A299BB48500EFE530 /* ViewController+CollectionViewDatasourceDelegate.swift */; };
		187CF806299BC9BB00CE7831 /* CustomCarlouselView.swift in Sources */ = {isa = PBXBuildFile; fileRef = 187CF805299BC9BB00CE7831 /* CustomCarlouselView.swift */; };
		1897EE84299E020E001864EE /* Utils.swift in Sources */ = {isa = PBXBuildFile; fileRef = 1897EE83299E020E001864EE /* Utils.swift */; };
		189C17342992502200305871 /* AppDelegate.swift in Sources */ = {isa = PBXBuildFile; fileRef = 189C17332992502200305871 /* AppDelegate.swift */; };
		189C17362992502200305871 /* SceneDelegate.swift in Sources */ = {isa = PBXBuildFile; fileRef = 189C17352992502200305871 /* SceneDelegate.swift */; };
		189C17382992502200305871 /* ViewController.swift in Sources */ = {isa = PBXBuildFile; fileRef = 189C17372992502200305871 /* ViewController.swift */; };
		189C173B2992502200305871 /* Main.storyboard in Resources */ = {isa = PBXBuildFile; fileRef = 189C17392992502200305871 /* Main.storyboard */; };
		189C17402992502C00305871 /* Assets.xcassets in Resources */ = {isa = PBXBuildFile; fileRef = 189C173F2992502C00305871 /* Assets.xcassets */; };
		189C17432992502C00305871 /* LaunchScreen.storyboard in Resources */ = {isa = PBXBuildFile; fileRef = 189C17412992502C00305871 /* LaunchScreen.storyboard */; };
		18A4F7B02993A7A10000E189 /* NaturePicListingTableCell.swift in Sources */ = {isa = PBXBuildFile; fileRef = 18A4F7AE2993A7A10000E189 /* NaturePicListingTableCell.swift */; };
		18A4F7B12993A7A10000E189 /* NaturePicListingTableCell.xib in Resources */ = {isa = PBXBuildFile; fileRef = 18A4F7AF2993A7A10000E189 /* NaturePicListingTableCell.xib */; };
		18A644D3299A62EC00986345 /* NatureViewModel.swift in Sources */ = {isa = PBXBuildFile; fileRef = 18A644D2299A62EC00986345 /* NatureViewModel.swift */; };
		18A644D6299A642100986345 /* NatureDataModel.swift in Sources */ = {isa = PBXBuildFile; fileRef = 18A644D5299A642100986345 /* NatureDataModel.swift */; };
		18A644D8299A77C300986345 /* ImageData.json in Resources */ = {isa = PBXBuildFile; fileRef = 18A644D7299A77C300986345 /* ImageData.json */; };
		18FDF372299E649B00828A0A /* CarouselCollectionCell.xib in Resources */ = {isa = PBXBuildFile; fileRef = 18FDF370299E649B00828A0A /* CarouselCollectionCell.xib */; };
		18FDF373299E649B00828A0A /* CarouselCollectionCell.swift in Sources */ = {isa = PBXBuildFile; fileRef = 18FDF371299E649B00828A0A /* CarouselCollectionCell.swift */; };
/* End PBXBuildFile section */

/* Begin PBXContainerItemProxy section */
		189C174A2992502D00305871 /* PBXContainerItemProxy */ = {
			isa = PBXContainerItemProxy;
			containerPortal = 189C17282992502100305871 /* Project object */;
			proxyType = 1;
			remoteGlobalIDString = 189C172F2992502200305871;
			remoteInfo = IlaBankDemo;
		};
		189C17542992502D00305871 /* PBXContainerItemProxy */ = {
			isa = PBXContainerItemProxy;
			containerPortal = 189C17282992502100305871 /* Project object */;
			proxyType = 1;
			remoteGlobalIDString = 189C172F2992502200305871;
			remoteInfo = IlaBankDemo;
		};
/* End PBXContainerItemProxy section */

/* Begin PBXFileReference section */
		18409418299BB43900EFE530 /* ViewController+TableViewDataSourceDelegate.swift */ = {isa = PBXFileReference; lastKnownFileType = sourcecode.swift; path = "ViewController+TableViewDataSourceDelegate.swift"; sourceTree = "<group>"; };
		1840941A299BB48500EFE530 /* ViewController+CollectionViewDatasourceDelegate.swift */ = {isa = PBXFileReference; lastKnownFileType = sourcecode.swift; path = "ViewController+CollectionViewDatasourceDelegate.swift"; sourceTree = "<group>"; };
		187CF805299BC9BB00CE7831 /* CustomCarlouselView.swift */ = {isa = PBXFileReference; lastKnownFileType = sourcecode.swift; path = CustomCarlouselView.swift; sourceTree = "<group>"; };
		1897EE83299E020E001864EE /* Utils.swift */ = {isa = PBXFileReference; lastKnownFileType = sourcecode.swift; path = Utils.swift; sourceTree = "<group>"; };
		189C17302992502200305871 /* IlaBankDemo.app */ = {isa = PBXFileReference; explicitFileType = wrapper.application; includeInIndex = 0; path = IlaBankDemo.app; sourceTree = BUILT_PRODUCTS_DIR; };
		189C17332992502200305871 /* AppDelegate.swift */ = {isa = PBXFileReference; lastKnownFileType = sourcecode.swift; path = AppDelegate.swift; sourceTree = "<group>"; };
		189C17352992502200305871 /* SceneDelegate.swift */ = {isa = PBXFileReference; lastKnownFileType = sourcecode.swift; path = SceneDelegate.swift; sourceTree = "<group>"; };
		189C17372992502200305871 /* ViewController.swift */ = {isa = PBXFileReference; lastKnownFileType = sourcecode.swift; path = ViewController.swift; sourceTree = "<group>"; };
		189C173A2992502200305871 /* Base */ = {isa = PBXFileReference; lastKnownFileType = file.storyboard; name = Base; path = Base.lproj/Main.storyboard; sourceTree = "<group>"; };
		189C173F2992502C00305871 /* Assets.xcassets */ = {isa = PBXFileReference; lastKnownFileType = folder.assetcatalog; path = Assets.xcassets; sourceTree = "<group>"; };
		189C17422992502C00305871 /* Base */ = {isa = PBXFileReference; lastKnownFileType = file.storyboard; name = Base; path = Base.lproj/LaunchScreen.storyboard; sourceTree = "<group>"; };
		189C17442992502C00305871 /* Info.plist */ = {isa = PBXFileReference; lastKnownFileType = text.plist.xml; path = Info.plist; sourceTree = "<group>"; };
		189C17492992502D00305871 /* IlaBankDemoTests.xctest */ = {isa = PBXFileReference; explicitFileType = wrapper.cfbundle; includeInIndex = 0; path = IlaBankDemoTests.xctest; sourceTree = BUILT_PRODUCTS_DIR; };
		189C17532992502D00305871 /* IlaBankDemoUITests.xctest */ = {isa = PBXFileReference; explicitFileType = wrapper.cfbundle; includeInIndex = 0; path = IlaBankDemoUITests.xctest; sourceTree = BUILT_PRODUCTS_DIR; };
		18A4F7AE2993A7A10000E189 /* NaturePicListingTableCell.swift */ = {isa = PBXFileReference; lastKnownFileType = sourcecode.swift; path = NaturePicListingTableCell.swift; sourceTree = "<group>"; };
		18A4F7AF2993A7A10000E189 /* NaturePicListingTableCell.xib */ = {isa = PBXFileReference; lastKnownFileType = file.xib; path = NaturePicListingTableCell.xib; sourceTree = "<group>"; };
		18A644D2299A62EC00986345 /* NatureViewModel.swift */ = {isa = PBXFileReference; lastKnownFileType = sourcecode.swift; path = NatureViewModel.swift; sourceTree = "<group>"; };
		18A644D5299A642100986345 /* NatureDataModel.swift */ = {isa = PBXFileReference; lastKnownFileType = sourcecode.swift; path = NatureDataModel.swift; sourceTree = "<group>"; };
		18A644D7299A77C300986345 /* ImageData.json */ = {isa = PBXFileReference; fileEncoding = 4; lastKnownFileType = text.json; path = ImageData.json; sourceTree = "<group>"; };
		18FDF370299E649B00828A0A /* CarouselCollectionCell.xib */ = {isa = PBXFileReference; fileEncoding = 4; lastKnownFileType = file.xib; path = CarouselCollectionCell.xib; sourceTree = "<group>"; };
		18FDF371299E649B00828A0A /* CarouselCollectionCell.swift */ = {isa = PBXFileReference; fileEncoding = 4; lastKnownFileType = sourcecode.swift; path = CarouselCollectionCell.swift; sourceTree = "<group>"; };
/* End PBXFileReference section */

/* Begin PBXFrameworksBuildPhase section */
		189C172D2992502200305871 /* Frameworks */ = {
			isa = PBXFrameworksBuildPhase;
			buildActionMask = 2147483647;
			files = (
			);
			runOnlyForDeploymentPostprocessing = 0;
		};
		189C17462992502D00305871 /* Frameworks */ = {
			isa = PBXFrameworksBuildPhase;
			buildActionMask = 2147483647;
			files = (
			);
			runOnlyForDeploymentPostprocessing = 0;
		};
		189C17502992502D00305871 /* Frameworks */ = {
			isa = PBXFrameworksBuildPhase;
			buildActionMask = 2147483647;
			files = (
			);
			runOnlyForDeploymentPostprocessing = 0;
		};
/* End PBXFrameworksBuildPhase section */

/* Begin PBXGroup section */
		187CF804299BC98D00CE7831 /* Utilities */ = {
			isa = PBXGroup;
			children = (
				187CF805299BC9BB00CE7831 /* CustomCarlouselView.swift */,
				1897EE83299E020E001864EE /* Utils.swift */,
			);
			path = Utilities;
			sourceTree = "<group>";
		};
		188FA5542992547F00E10611 /* View */ = {
			isa = PBXGroup;
			children = (
				18FDF374299E64B200828A0A /* Cell */,
				1893F105299B47B200C14BB2 /* Controller */,
				18A644D0299A571500986345 /* Storyboard */,
			);
			path = View;
			sourceTree = "<group>";
		};
		188FA559299259FC00E10611 /* TableViewCell */ = {
			isa = PBXGroup;
			children = (
				18A4F7AE2993A7A10000E189 /* NaturePicListingTableCell.swift */,
				18A4F7AF2993A7A10000E189 /* NaturePicListingTableCell.xib */,
			);
			path = TableViewCell;
			sourceTree = "<group>";
		};
		1893F105299B47B200C14BB2 /* Controller */ = {
			isa = PBXGroup;
			children = (
				189C17372992502200305871 /* ViewController.swift */,
				18409418299BB43900EFE530 /* ViewController+TableViewDataSourceDelegate.swift */,
				1840941A299BB48500EFE530 /* ViewController+CollectionViewDatasourceDelegate.swift */,
			);
			path = Controller;
			sourceTree = "<group>";
		};
		189C17272992502100305871 = {
			isa = PBXGroup;
			children = (
				189C17322992502200305871 /* IlaBankDemo */,
				189C17312992502200305871 /* Products */,
			);
			sourceTree = "<group>";
		};
		189C17312992502200305871 /* Products */ = {
			isa = PBXGroup;
			children = (
				189C17302992502200305871 /* IlaBankDemo.app */,
				189C17492992502D00305871 /* IlaBankDemoTests.xctest */,
				189C17532992502D00305871 /* IlaBankDemoUITests.xctest */,
			);
			name = Products;
			sourceTree = "<group>";
		};
		189C17322992502200305871 /* IlaBankDemo */ = {
			isa = PBXGroup;
			children = (
				189C17442992502C00305871 /* Info.plist */,
				18F03382299E41D1004E1DCB /* App */,
				187CF804299BC98D00CE7831 /* Utilities */,
				18A4F7B22993CF110000E189 /* Resources */,
				18A644D4299A641100986345 /* Model */,
				188FA5542992547F00E10611 /* View */,
				18A644D1299A62DA00986345 /* ViewModel */,
			);
			path = IlaBankDemo;
			sourceTree = "<group>";
		};
		18A4F7B22993CF110000E189 /* Resources */ = {
			isa = PBXGroup;
			children = (
				18A644D7299A77C300986345 /* ImageData.json */,
				189C173F2992502C00305871 /* Assets.xcassets */,
			);
			path = Resources;
			sourceTree = "<group>";
		};
		18A644D0299A571500986345 /* Storyboard */ = {
			isa = PBXGroup;
			children = (
				189C17412992502C00305871 /* LaunchScreen.storyboard */,
				189C17392992502200305871 /* Main.storyboard */,
			);
			path = Storyboard;
			sourceTree = "<group>";
		};
		18A644D1299A62DA00986345 /* ViewModel */ = {
			isa = PBXGroup;
			children = (
				18A644D2299A62EC00986345 /* NatureViewModel.swift */,
			);
			path = ViewModel;
			sourceTree = "<group>";
		};
		18A644D4299A641100986345 /* Model */ = {
			isa = PBXGroup;
			children = (
				18A644D5299A642100986345 /* NatureDataModel.swift */,
			);
			path = Model;
			sourceTree = "<group>";
		};
		18F03382299E41D1004E1DCB /* App */ = {
			isa = PBXGroup;
			children = (
				189C17332992502200305871 /* AppDelegate.swift */,
				189C17352992502200305871 /* SceneDelegate.swift */,
			);
			path = App;
			sourceTree = "<group>";
		};
		18FDF36F299E649B00828A0A /* CollectionViewCell */ = {
			isa = PBXGroup;
			children = (
				18FDF370299E649B00828A0A /* CarouselCollectionCell.xib */,
				18FDF371299E649B00828A0A /* CarouselCollectionCell.swift */,
			);
			name = CollectionViewCell;
			path = IlaBankDemo/View/Cell/CollectionViewCell;
			sourceTree = SOURCE_ROOT;
		};
		18FDF374299E64B200828A0A /* Cell */ = {
			isa = PBXGroup;
			children = (
				18FDF36F299E649B00828A0A /* CollectionViewCell */,
				188FA559299259FC00E10611 /* TableViewCell */,
			);
			path = Cell;
			sourceTree = "<group>";
		};
/* End PBXGroup section */

/* Begin PBXNativeTarget section */
		189C172F2992502200305871 /* IlaBankDemo */ = {
			isa = PBXNativeTarget;
			buildConfigurationList = 189C175D2992502E00305871 /* Build configuration list for PBXNativeTarget "IlaBankDemo" */;
			buildPhases = (
				189C172C2992502200305871 /* Sources */,
				189C172D2992502200305871 /* Frameworks */,
				189C172E2992502200305871 /* Resources */,
			);
			buildRules = (
			);
			dependencies = (
			);
			name = IlaBankDemo;
			productName = IlaBankDemo;
			productReference = 189C17302992502200305871 /* IlaBankDemo.app */;
			productType = "com.apple.product-type.application";
		};
		189C17482992502D00305871 /* IlaBankDemoTests */ = {
			isa = PBXNativeTarget;
			buildConfigurationList = 189C17602992502E00305871 /* Build configuration list for PBXNativeTarget "IlaBankDemoTests" */;
			buildPhases = (
				189C17452992502D00305871 /* Sources */,
				189C17462992502D00305871 /* Frameworks */,
				189C17472992502D00305871 /* Resources */,
			);
			buildRules = (
			);
			dependencies = (
				189C174B2992502D00305871 /* PBXTargetDependency */,
			);
			name = IlaBankDemoTests;
			productName = IlaBankDemoTests;
			productReference = 189C17492992502D00305871 /* IlaBankDemoTests.xctest */;
			productType = "com.apple.product-type.bundle.unit-test";
		};
		189C17522992502D00305871 /* IlaBankDemoUITests */ = {
			isa = PBXNativeTarget;
			buildConfigurationList = 189C17632992502E00305871 /* Build configuration list for PBXNativeTarget "IlaBankDemoUITests" */;
			buildPhases = (
				189C174F2992502D00305871 /* Sources */,
				189C17502992502D00305871 /* Frameworks */,
				189C17512992502D00305871 /* Resources */,
			);
			buildRules = (
			);
			dependencies = (
				189C17552992502D00305871 /* PBXTargetDependency */,
			);
			name = IlaBankDemoUITests;
			productName = IlaBankDemoUITests;
			productReference = 189C17532992502D00305871 /* IlaBankDemoUITests.xctest */;
			productType = "com.apple.product-type.bundle.ui-testing";
		};
/* End PBXNativeTarget section */

/* Begin PBXProject section */
		189C17282992502100305871 /* Project object */ = {
			isa = PBXProject;
			attributes = {
				BuildIndependentTargetsInParallel = 1;
				LastSwiftUpdateCheck = 1410;
				LastUpgradeCheck = 1410;
				TargetAttributes = {
					189C172F2992502200305871 = {
						CreatedOnToolsVersion = 14.1;
					};
					189C17482992502D00305871 = {
						CreatedOnToolsVersion = 14.1;
						TestTargetID = 189C172F2992502200305871;
					};
					189C17522992502D00305871 = {
						CreatedOnToolsVersion = 14.1;
						TestTargetID = 189C172F2992502200305871;
					};
				};
			};
			buildConfigurationList = 189C172B2992502100305871 /* Build configuration list for PBXProject "IlaBankDemo" */;
			compatibilityVersion = "Xcode 13.0";
			developmentRegion = en;
			hasScannedForEncodings = 0;
			knownRegions = (
				en,
				Base,
			);
			mainGroup = 189C17272992502100305871;
			productRefGroup = 189C17312992502200305871 /* Products */;
			projectDirPath = "";
			projectRoot = "";
			targets = (
				189C172F2992502200305871 /* IlaBankDemo */,
				189C17482992502D00305871 /* IlaBankDemoTests */,
				189C17522992502D00305871 /* IlaBankDemoUITests */,
			);
		};
/* End PBXProject section */

/* Begin PBXResourcesBuildPhase section */
		189C172E2992502200305871 /* Resources */ = {
			isa = PBXResourcesBuildPhase;
			buildActionMask = 2147483647;
			files = (
				18FDF372299E649B00828A0A /* CarouselCollectionCell.xib in Resources */,
				189C17432992502C00305871 /* LaunchScreen.storyboard in Resources */,
				18A644D8299A77C300986345 /* ImageData.json in Resources */,
				189C17402992502C00305871 /* Assets.xcassets in Resources */,
				189C173B2992502200305871 /* Main.storyboard in Resources */,
				18A4F7B12993A7A10000E189 /* NaturePicListingTableCell.xib in Resources */,
			);
			runOnlyForDeploymentPostprocessing = 0;
		};
		189C17472992502D00305871 /* Resources */ = {
			isa = PBXResourcesBuildPhase;
			buildActionMask = 2147483647;
			files = (
			);
			runOnlyForDeploymentPostprocessing = 0;
		};
		189C17512992502D00305871 /* Resources */ = {
			isa = PBXResourcesBuildPhase;
			buildActionMask = 2147483647;
			files = (
			);
			runOnlyForDeploymentPostprocessing = 0;
		};
/* End PBXResourcesBuildPhase section */

/* Begin PBXSourcesBuildPhase section */
		189C172C2992502200305871 /* Sources */ = {
			isa = PBXSourcesBuildPhase;
			buildActionMask = 2147483647;
			files = (
				18409419299BB43900EFE530 /* ViewController+TableViewDataSourceDelegate.swift in Sources */,
				18FDF373299E649B00828A0A /* CarouselCollectionCell.swift in Sources */,
				18A4F7B02993A7A10000E189 /* NaturePicListingTableCell.swift in Sources */,
				187CF806299BC9BB00CE7831 /* CustomCarlouselView.swift in Sources */,
				189C17382992502200305871 /* ViewController.swift in Sources */,
				1840941B299BB48500EFE530 /* ViewController+CollectionViewDatasourceDelegate.swift in Sources */,
				18A644D6299A642100986345 /* NatureDataModel.swift in Sources */,
				189C17342992502200305871 /* AppDelegate.swift in Sources */,
				18A644D3299A62EC00986345 /* NatureViewModel.swift in Sources */,
				189C17362992502200305871 /* SceneDelegate.swift in Sources */,
				1897EE84299E020E001864EE /* Utils.swift in Sources */,
			);
			runOnlyForDeploymentPostprocessing = 0;
		};
		189C17452992502D00305871 /* Sources */ = {
			isa = PBXSourcesBuildPhase;
			buildActionMask = 2147483647;
			files = (
			);
			runOnlyForDeploymentPostprocessing = 0;
		};
		189C174F2992502D00305871 /* Sources */ = {
			isa = PBXSourcesBuildPhase;
			buildActionMask = 2147483647;
			files = (
			);
			runOnlyForDeploymentPostprocessing = 0;
		};
/* End PBXSourcesBuildPhase section */

/* Begin PBXTargetDependency section */
		189C174B2992502D00305871 /* PBXTargetDependency */ = {
			isa = PBXTargetDependency;
			target = 189C172F2992502200305871 /* IlaBankDemo */;
			targetProxy = 189C174A2992502D00305871 /* PBXContainerItemProxy */;
		};
		189C17552992502D00305871 /* PBXTargetDependency */ = {
			isa = PBXTargetDependency;
			target = 189C172F2992502200305871 /* IlaBankDemo */;
			targetProxy = 189C17542992502D00305871 /* PBXContainerItemProxy */;
		};
/* End PBXTargetDependency section */

/* Begin PBXVariantGroup section */
		189C17392992502200305871 /* Main.storyboard */ = {
			isa = PBXVariantGroup;
			children = (
				189C173A2992502200305871 /* Base */,
			);
			name = Main.storyboard;
			sourceTree = "<group>";
		};
		189C17412992502C00305871 /* LaunchScreen.storyboard */ = {
			isa = PBXVariantGroup;
			children = (
				189C17422992502C00305871 /* Base */,
			);
			name = LaunchScreen.storyboard;
			sourceTree = "<group>";
		};
/* End PBXVariantGroup section */

/* Begin XCBuildConfiguration section */
		189C175B2992502E00305871 /* Debug */ = {
			isa = XCBuildConfiguration;
			buildSettings = {
				ALWAYS_SEARCH_USER_PATHS = NO;
				CLANG_ANALYZER_NONNULL = YES;
				CLANG_ANALYZER_NUMBER_OBJECT_CONVERSION = YES_AGGRESSIVE;
				CLANG_CXX_LANGUAGE_STANDARD = "gnu++20";
				CLANG_ENABLE_MODULES = YES;
				CLANG_ENABLE_OBJC_ARC = YES;
				CLANG_ENABLE_OBJC_WEAK = YES;
				CLANG_WARN_BLOCK_CAPTURE_AUTORELEASING = YES;
				CLANG_WARN_BOOL_CONVERSION = YES;
				CLANG_WARN_COMMA = YES;
				CLANG_WARN_CONSTANT_CONVERSION = YES;
				CLANG_WARN_DEPRECATED_OBJC_IMPLEMENTATIONS = YES;
				CLANG_WARN_DIRECT_OBJC_ISA_USAGE = YES_ERROR;
				CLANG_WARN_DOCUMENTATION_COMMENTS = YES;
				CLANG_WARN_EMPTY_BODY = YES;
				CLANG_WARN_ENUM_CONVERSION = YES;
				CLANG_WARN_INFINITE_RECURSION = YES;
				CLANG_WARN_INT_CONVERSION = YES;
				CLANG_WARN_NON_LITERAL_NULL_CONVERSION = YES;
				CLANG_WARN_OBJC_IMPLICIT_RETAIN_SELF = YES;
				CLANG_WARN_OBJC_LITERAL_CONVERSION = YES;
				CLANG_WARN_OBJC_ROOT_CLASS = YES_ERROR;
				CLANG_WARN_QUOTED_INCLUDE_IN_FRAMEWORK_HEADER = YES;
				CLANG_WARN_RANGE_LOOP_ANALYSIS = YES;
				CLANG_WARN_STRICT_PROTOTYPES = YES;
				CLANG_WARN_SUSPICIOUS_MOVE = YES;
				CLANG_WARN_UNGUARDED_AVAILABILITY = YES_AGGRESSIVE;
				CLANG_WARN_UNREACHABLE_CODE = YES;
				CLANG_WARN__DUPLICATE_METHOD_MATCH = YES;
				COPY_PHASE_STRIP = NO;
				DEBUG_INFORMATION_FORMAT = dwarf;
				ENABLE_STRICT_OBJC_MSGSEND = YES;
				ENABLE_TESTABILITY = YES;
				GCC_C_LANGUAGE_STANDARD = gnu11;
				GCC_DYNAMIC_NO_PIC = NO;
				GCC_NO_COMMON_BLOCKS = YES;
				GCC_OPTIMIZATION_LEVEL = 0;
				GCC_PREPROCESSOR_DEFINITIONS = (
					"DEBUG=1",
					"$(inherited)",
				);
				GCC_WARN_64_TO_32_BIT_CONVERSION = YES;
				GCC_WARN_ABOUT_RETURN_TYPE = YES_ERROR;
				GCC_WARN_UNDECLARED_SELECTOR = YES;
				GCC_WARN_UNINITIALIZED_AUTOS = YES_AGGRESSIVE;
				GCC_WARN_UNUSED_FUNCTION = YES;
				GCC_WARN_UNUSED_VARIABLE = YES;
				IPHONEOS_DEPLOYMENT_TARGET = 16.1;
				MTL_ENABLE_DEBUG_INFO = INCLUDE_SOURCE;
				MTL_FAST_MATH = YES;
				ONLY_ACTIVE_ARCH = YES;
				SDKROOT = iphoneos;
				SWIFT_ACTIVE_COMPILATION_CONDITIONS = DEBUG;
				SWIFT_OPTIMIZATION_LEVEL = "-Onone";
			};
			name = Debug;
		};
		189C175C2992502E00305871 /* Release */ = {
			isa = XCBuildConfiguration;
			buildSettings = {
				ALWAYS_SEARCH_USER_PATHS = NO;
				CLANG_ANALYZER_NONNULL = YES;
				CLANG_ANALYZER_NUMBER_OBJECT_CONVERSION = YES_AGGRESSIVE;
				CLANG_CXX_LANGUAGE_STANDARD = "gnu++20";
				CLANG_ENABLE_MODULES = YES;
				CLANG_ENABLE_OBJC_ARC = YES;
				CLANG_ENABLE_OBJC_WEAK = YES;
				CLANG_WARN_BLOCK_CAPTURE_AUTORELEASING = YES;
				CLANG_WARN_BOOL_CONVERSION = YES;
				CLANG_WARN_COMMA = YES;
				CLANG_WARN_CONSTANT_CONVERSION = YES;
				CLANG_WARN_DEPRECATED_OBJC_IMPLEMENTATIONS = YES;
				CLANG_WARN_DIRECT_OBJC_ISA_USAGE = YES_ERROR;
				CLANG_WARN_DOCUMENTATION_COMMENTS = YES;
				CLANG_WARN_EMPTY_BODY = YES;
				CLANG_WARN_ENUM_CONVERSION = YES;
				CLANG_WARN_INFINITE_RECURSION = YES;
				CLANG_WARN_INT_CONVERSION = YES;
				CLANG_WARN_NON_LITERAL_NULL_CONVERSION = YES;
				CLANG_WARN_OBJC_IMPLICIT_RETAIN_SELF = YES;
				CLANG_WARN_OBJC_LITERAL_CONVERSION = YES;
				CLANG_WARN_OBJC_ROOT_CLASS = YES_ERROR;
				CLANG_WARN_QUOTED_INCLUDE_IN_FRAMEWORK_HEADER = YES;
				CLANG_WARN_RANGE_LOOP_ANALYSIS = YES;
				CLANG_WARN_STRICT_PROTOTYPES = YES;
				CLANG_WARN_SUSPICIOUS_MOVE = YES;
				CLANG_WARN_UNGUARDED_AVAILABILITY = YES_AGGRESSIVE;
				CLANG_WARN_UNREACHABLE_CODE = YES;
				CLANG_WARN__DUPLICATE_METHOD_MATCH = YES;
				COPY_PHASE_STRIP = NO;
				DEBUG_INFORMATION_FORMAT = "dwarf-with-dsym";
				ENABLE_NS_ASSERTIONS = NO;
				ENABLE_STRICT_OBJC_MSGSEND = YES;
				GCC_C_LANGUAGE_STANDARD = gnu11;
				GCC_NO_COMMON_BLOCKS = YES;
				GCC_WARN_64_TO_32_BIT_CONVERSION = YES;
				GCC_WARN_ABOUT_RETURN_TYPE = YES_ERROR;
				GCC_WARN_UNDECLARED_SELECTOR = YES;
				GCC_WARN_UNINITIALIZED_AUTOS = YES_AGGRESSIVE;
				GCC_WARN_UNUSED_FUNCTION = YES;
				GCC_WARN_UNUSED_VARIABLE = YES;
				IPHONEOS_DEPLOYMENT_TARGET = 16.1;
				MTL_ENABLE_DEBUG_INFO = NO;
				MTL_FAST_MATH = YES;
				SDKROOT = iphoneos;
				SWIFT_COMPILATION_MODE = wholemodule;
				SWIFT_OPTIMIZATION_LEVEL = "-O";
				VALIDATE_PRODUCT = YES;
			};
			name = Release;
		};
		189C175E2992502E00305871 /* Debug */ = {
			isa = XCBuildConfiguration;
			buildSettings = {
				ASSETCATALOG_COMPILER_APPICON_NAME = AppIcon;
				ASSETCATALOG_COMPILER_GLOBAL_ACCENT_COLOR_NAME = AccentColor;
				"CODE_SIGN_IDENTITY[sdk=iphoneos*]" = "iPhone Developer";
				CODE_SIGN_STYLE = Manual;
				CURRENT_PROJECT_VERSION = 1;
				DEVELOPMENT_TEAM = "";
				"DEVELOPMENT_TEAM[sdk=iphoneos*]" = 9LF24P7WQU;
				GENERATE_INFOPLIST_FILE = YES;
				INFOPLIST_FILE = IlaBankDemo/Info.plist;
				INFOPLIST_KEY_UIApplicationSupportsIndirectInputEvents = YES;
				INFOPLIST_KEY_UILaunchStoryboardName = LaunchScreen;
				INFOPLIST_KEY_UIMainStoryboardFile = Main;
				INFOPLIST_KEY_UISupportedInterfaceOrientations_iPad = "UIInterfaceOrientationPortrait UIInterfaceOrientationPortraitUpsideDown UIInterfaceOrientationLandscapeLeft UIInterfaceOrientationLandscapeRight";
				INFOPLIST_KEY_UISupportedInterfaceOrientations_iPhone = "UIInterfaceOrientationPortrait UIInterfaceOrientationLandscapeLeft UIInterfaceOrientationLandscapeRight";
				IPHONEOS_DEPLOYMENT_TARGET = 15.0;
				LD_RUNPATH_SEARCH_PATHS = (
					"$(inherited)",
					"@executable_path/Frameworks",
				);
				MARKETING_VERSION = 1.0;
				PRODUCT_BUNDLE_IDENTIFIER = com.neosofttech.IlaBankDemo;
				PRODUCT_NAME = "$(TARGET_NAME)";
				PROVISIONING_PROFILE_SPECIFIER = "";
				"PROVISIONING_PROFILE_SPECIFIER[sdk=iphoneos*]" = "Dev-1";
				SWIFT_EMIT_LOC_STRINGS = YES;
				SWIFT_VERSION = 5.0;
				TARGETED_DEVICE_FAMILY = "1,2";
			};
			name = Debug;
		};
		189C175F2992502E00305871 /* Release */ = {
			isa = XCBuildConfiguration;
			buildSettings = {
				ASSETCATALOG_COMPILER_APPICON_NAME = AppIcon;
				ASSETCATALOG_COMPILER_GLOBAL_ACCENT_COLOR_NAME = AccentColor;
				"CODE_SIGN_IDENTITY[sdk=iphoneos*]" = "iPhone Developer";
				CODE_SIGN_STYLE = Manual;
				CURRENT_PROJECT_VERSION = 1;
				DEVELOPMENT_TEAM = "";
				"DEVELOPMENT_TEAM[sdk=iphoneos*]" = 9LF24P7WQU;
				GENERATE_INFOPLIST_FILE = YES;
				INFOPLIST_FILE = IlaBankDemo/Info.plist;
				INFOPLIST_KEY_UIApplicationSupportsIndirectInputEvents = YES;
				INFOPLIST_KEY_UILaunchStoryboardName = LaunchScreen;
				INFOPLIST_KEY_UIMainStoryboardFile = Main;
				INFOPLIST_KEY_UISupportedInterfaceOrientations_iPad = "UIInterfaceOrientationPortrait UIInterfaceOrientationPortraitUpsideDown UIInterfaceOrientationLandscapeLeft UIInterfaceOrientationLandscapeRight";
				INFOPLIST_KEY_UISupportedInterfaceOrientations_iPhone = "UIInterfaceOrientationPortrait UIInterfaceOrientationLandscapeLeft UIInterfaceOrientationLandscapeRight";
				IPHONEOS_DEPLOYMENT_TARGET = 15.0;
				LD_RUNPATH_SEARCH_PATHS = (
					"$(inherited)",
					"@executable_path/Frameworks",
				);
				MARKETING_VERSION = 1.0;
				PRODUCT_BUNDLE_IDENTIFIER = com.neosofttech.IlaBankDemo;
				PRODUCT_NAME = "$(TARGET_NAME)";
				PROVISIONING_PROFILE_SPECIFIER = "";
				"PROVISIONING_PROFILE_SPECIFIER[sdk=iphoneos*]" = "Dev-1";
				SWIFT_EMIT_LOC_STRINGS = YES;
				SWIFT_VERSION = 5.0;
				TARGETED_DEVICE_FAMILY = "1,2";
			};
			name = Release;
		};
		189C17612992502E00305871 /* Debug */ = {
			isa = XCBuildConfiguration;
			buildSettings = {
				ALWAYS_EMBED_SWIFT_STANDARD_LIBRARIES = YES;
				BUNDLE_LOADER = "$(TEST_HOST)";
				CODE_SIGN_STYLE = Automatic;
				CURRENT_PROJECT_VERSION = 1;
				GENERATE_INFOPLIST_FILE = YES;
				IPHONEOS_DEPLOYMENT_TARGET = 16.1;
				MARKETING_VERSION = 1.0;
				PRODUCT_BUNDLE_IDENTIFIER = com.ScanboECGDemoApp.app.IlaBankDemoTests;
				PRODUCT_NAME = "$(TARGET_NAME)";
				SWIFT_EMIT_LOC_STRINGS = NO;
				SWIFT_VERSION = 5.0;
				TARGETED_DEVICE_FAMILY = "1,2";
				TEST_HOST = "$(BUILT_PRODUCTS_DIR)/IlaBankDemo.app/$(BUNDLE_EXECUTABLE_FOLDER_PATH)/IlaBankDemo";
			};
			name = Debug;
		};
		189C17622992502E00305871 /* Release */ = {
			isa = XCBuildConfiguration;
			buildSettings = {
				ALWAYS_EMBED_SWIFT_STANDARD_LIBRARIES = YES;
				BUNDLE_LOADER = "$(TEST_HOST)";
				CODE_SIGN_STYLE = Automatic;
				CURRENT_PROJECT_VERSION = 1;
				GENERATE_INFOPLIST_FILE = YES;
				IPHONEOS_DEPLOYMENT_TARGET = 16.1;
				MARKETING_VERSION = 1.0;
				PRODUCT_BUNDLE_IDENTIFIER = com.ScanboECGDemoApp.app.IlaBankDemoTests;
				PRODUCT_NAME = "$(TARGET_NAME)";
				SWIFT_EMIT_LOC_STRINGS = NO;
				SWIFT_VERSION = 5.0;
				TARGETED_DEVICE_FAMILY = "1,2";
				TEST_HOST = "$(BUILT_PRODUCTS_DIR)/IlaBankDemo.app/$(BUNDLE_EXECUTABLE_FOLDER_PATH)/IlaBankDemo";
			};
			name = Release;
		};
		189C17642992502E00305871 /* Debug */ = {
			isa = XCBuildConfiguration;
			buildSettings = {
				ALWAYS_EMBED_SWIFT_STANDARD_LIBRARIES = YES;
				CODE_SIGN_STYLE = Automatic;
				CURRENT_PROJECT_VERSION = 1;
				GENERATE_INFOPLIST_FILE = YES;
				MARKETING_VERSION = 1.0;
				PRODUCT_BUNDLE_IDENTIFIER = com.ScanboECGDemoApp.app.IlaBankDemoUITests;
				PRODUCT_NAME = "$(TARGET_NAME)";
				SWIFT_EMIT_LOC_STRINGS = NO;
				SWIFT_VERSION = 5.0;
				TARGETED_DEVICE_FAMILY = "1,2";
				TEST_TARGET_NAME = IlaBankDemo;
			};
			name = Debug;
		};
		189C17652992502E00305871 /* Release */ = {
			isa = XCBuildConfiguration;
			buildSettings = {
				ALWAYS_EMBED_SWIFT_STANDARD_LIBRARIES = YES;
				CODE_SIGN_STYLE = Automatic;
				CURRENT_PROJECT_VERSION = 1;
				GENERATE_INFOPLIST_FILE = YES;
				MARKETING_VERSION = 1.0;
				PRODUCT_BUNDLE_IDENTIFIER = com.ScanboECGDemoApp.app.IlaBankDemoUITests;
				PRODUCT_NAME = "$(TARGET_NAME)";
				SWIFT_EMIT_LOC_STRINGS = NO;
				SWIFT_VERSION = 5.0;
				TARGETED_DEVICE_FAMILY = "1,2";
				TEST_TARGET_NAME = IlaBankDemo;
			};
			name = Release;
		};
/* End XCBuildConfiguration section */

/* Begin XCConfigurationList section */
		189C172B2992502100305871 /* Build configuration list for PBXProject "IlaBankDemo" */ = {
			isa = XCConfigurationList;
			buildConfigurations = (
				189C175B2992502E00305871 /* Debug */,
				189C175C2992502E00305871 /* Release */,
			);
			defaultConfigurationIsVisible = 0;
			defaultConfigurationName = Release;
		};
		189C175D2992502E00305871 /* Build configuration list for PBXNativeTarget "IlaBankDemo" */ = {
			isa = XCConfigurationList;
			buildConfigurations = (
				189C175E2992502E00305871 /* Debug */,
				189C175F2992502E00305871 /* Release */,
			);
			defaultConfigurationIsVisible = 0;
			defaultConfigurationName = Release;
		};
		189C17602992502E00305871 /* Build configuration list for PBXNativeTarget "IlaBankDemoTests" */ = {
			isa = XCConfigurationList;
			buildConfigurations = (
				189C17612992502E00305871 /* Debug */,
				189C17622992502E00305871 /* Release */,
			);
			defaultConfigurationIsVisible = 0;
			defaultConfigurationName = Release;
		};
		189C17632992502E00305871 /* Build configuration list for PBXNativeTarget "IlaBankDemoUITests" */ = {
			isa = XCConfigurationList;
			buildConfigurations = (
				189C17642992502E00305871 /* Debug */,
				189C17652992502E00305871 /* Release */,
			);
			defaultConfigurationIsVisible = 0;
			defaultConfigurationName = Release;
		};
/* End XCConfigurationList section */
	};
	rootObject = 189C17282992502100305871 /* Project object */;
}
